
Microsoft Visual Studio Solution File, Format Version 12.00
# Visual Studio 15
VisualStudioVersion = 15.0.28307.168
MinimumVisualStudioVersion = 10.0.40219.1
Project("{FAE04EC0-301F-11D3-BF4B-00C04F79EFBC}") = "bglTechTest.Web", "bglTechTest.Web\bglTechTest.Web.csproj", "{BC3B24FE-B672-4C36-9993-08884ACFFCEB}"
EndProject
Project("{FAE04EC0-301F-11D3-BF4B-00C04F79EFBC}") = "bglTechTest.Domain", "bglTechTest.Domain\bglTechTest.Domain\bglTechTest.Domain.csproj", "{A1009972-975B-4DFC-AB89-0E48A1C329A1}"
EndProject
Project("{FAE04EC0-301F-11D3-BF4B-00C04F79EFBC}") = "bglTechTest.GitHubApiClient", "bglTechTest.GitHubApiClient\bglTechTest.GitHubApiClient.csproj", "{25B19E4B-F2AD-49E1-873F-BDDE204B7A30}"
EndProject
Project("{2150E333-8FDC-42A3-9474-1A3956D46DE8}") = "Solution Items", "Solution Items", "{A281F387-237B-4141-9194-6E7128E69427}"
	ProjectSection(SolutionItems) = preProject
		README.md = README.md
	EndProjectSection
EndProject
Global
	GlobalSection(SolutionConfigurationPlatforms) = preSolution
		Debug|Any CPU = Debug|Any CPU
		Release|Any CPU = Release|Any CPU
	EndGlobalSection
	GlobalSection(ProjectConfigurationPlatforms) = postSolution
		{BC3B24FE-B672-4C36-9993-08884ACFFCEB}.Debug|Any CPU.ActiveCfg = Debug|Any CPU
		{BC3B24FE-B672-4C36-9993-08884ACFFCEB}.Debug|Any CPU.Build.0 = Debug|Any CPU
		{BC3B24FE-B672-4C36-9993-08884ACFFCEB}.Release|Any CPU.ActiveCfg = Release|Any CPU
		{BC3B24FE-B672-4C36-9993-08884ACFFCEB}.Release|Any CPU.Build.0 = Release|Any CPU
		{A1009972-975B-4DFC-AB89-0E48A1C329A1}.Debug|Any CPU.ActiveCfg = Debug|Any CPU
		{A1009972-975B-4DFC-AB89-0E48A1C329A1}.Debug|Any CPU.Build.0 = Debug|Any CPU
		{A1009972-975B-4DFC-AB89-0E48A1C329A1}.Release|Any CPU.ActiveCfg = Release|Any CPU
		{A1009972-975B-4DFC-AB89-0E48A1C329A1}.Release|Any CPU.Build.0 = Release|Any CPU
		{25B19E4B-F2AD-49E1-873F-BDDE204B7A30}.Debug|Any CPU.ActiveCfg = Debug|Any CPU
		{25B19E4B-F2AD-49E1-873F-BDDE204B7A30}.Debug|Any CPU.Build.0 = Debug|Any CPU
		{25B19E4B-F2AD-49E1-873F-BDDE204B7A30}.Release|Any CPU.ActiveCfg = Release|Any CPU
		{25B19E4B-F2AD-49E1-873F-BDDE204B7A30}.Release|Any CPU.Build.0 = Release|Any CPU
	EndGlobalSection
	GlobalSection(SolutionProperties) = preSolution
		HideSolutionNode = FALSE
	EndGlobalSection
	GlobalSection(ExtensibilityGlobals) = postSolution
		SolutionGuid = {ECE623AD-E46B-4CE8-B0DC-9C5ABD606456}
	EndGlobalSection
EndGlobal
